
Microsoft Visual Studio Solution File, Format Version 12.00
# Visual Studio Version 17
VisualStudioVersion = 17.0.32126.317
MinimumVisualStudioVersion = 10.0.40219.1
Project("{8BC9CEB8-8B4A-11D0-8D11-00A0C91BC942}") = "Sorting", "Hello\Hello.vcxproj", "{9EE0B654-5F06-44F1-994C-37E22FB7D2D5}"
EndProject
Project("{8BC9CEB8-8B4A-11D0-8D11-00A0C91BC942}") = "Chapter1.7", "Chapter1.7\Chapter1.7.vcxproj", "{73C07A06-6708-46E8-8130-2D3D5B6BF7FC}"
EndProject
Project("{8BC9CEB8-8B4A-11D0-8D11-00A0C91BC942}") = "Chapter1.8", "Chapter1.8\Chapter1.8.vcxproj", "{74ED9190-A8F1-4450-BB10-C372B3D2A4DB}"
EndProject
Project("{8BC9CEB8-8B4A-11D0-8D11-00A0C91BC942}") = "freeTemp", "freeTemp\freeTemp.vcxproj", "{466CD65B-AC24-403B-B20C-8B0D27C95036}"
EndProject
Project("{8BC9CEB8-8B4A-11D0-8D11-00A0C91BC942}") = "Chapter 10.2", "Chapter 10.2\Chapter 10.2.vcxproj", "{CDE4C0B3-58FD-48B0-AA86-979704E8C58E}"
EndProject
Project("{8BC9CEB8-8B4A-11D0-8D11-00A0C91BC942}") = "Chapter10.4", "Chapter10.4\Chapter10.4.vcxproj", "{57374A8E-F857-4414-980A-1E38D0DDDF4F}"
EndProject
Project("{8BC9CEB8-8B4A-11D0-8D11-00A0C91BC942}") = "IntArray", "IntArray\IntArray.vcxproj", "{A0CBC797-B65A-4766-B060-8572E0B9E08D}"
EndProject
Project("{8BC9CEB8-8B4A-11D0-8D11-00A0C91BC942}") = "Chapter11.1", "Chapter11.1\Chapter11.1.vcxproj", "{2E373AB7-9CE8-4748-801D-A8F5857C97E0}"
EndProject
Project("{8BC9CEB8-8B4A-11D0-8D11-00A0C91BC942}") = "Chapter11.2", "Chapter11.2\Chapter11.2.vcxproj", "{DF99E3CD-E7A1-4B56-B0BE-6DB4BD5FF709}"
EndProject
Project("{8BC9CEB8-8B4A-11D0-8D11-00A0C91BC942}") = "Chapter11.3", "Chapter11.3\Chapter11.3.vcxproj", "{EFC7B9A9-FEE7-4D0E-BE11-8DAA22DA5A90}"
EndProject
Project("{8BC9CEB8-8B4A-11D0-8D11-00A0C91BC942}") = "Chapter12.1", "Chapter12.1\Chapter12.1.vcxproj", "{5F6C53DF-3E6D-45D2-8927-E828EC32E624}"
EndProject
Project("{8BC9CEB8-8B4A-11D0-8D11-00A0C91BC942}") = "Chapter12.2", "Chapter12.2\Chapter12.2.vcxproj", "{8DBD6753-ECA6-4637-AF88-CF8BD082AD20}"
EndProject
Project("{8BC9CEB8-8B4A-11D0-8D11-00A0C91BC942}") = "Chapter12.4", "Chapter12.4\Chapter12.4.vcxproj", "{EE85FBEC-3DF5-4AB7-BD46-31D7FBD0C940}"
EndProject
Project("{8BC9CEB8-8B4A-11D0-8D11-00A0C91BC942}") = "Chapter13.1", "Chapter13.1\Chapter13.1.vcxproj", "{B5E1E3DA-A655-4C81-8D2F-AF89C9EFEBB1}"
EndProject
Project("{8BC9CEB8-8B4A-11D0-8D11-00A0C91BC942}") = "Chapter13.2", "Chapter13.2\Chapter13.2.vcxproj", "{B350512A-A8AC-4C8D-AE32-7B5E5B59BB29}"
EndProject
Project("{8BC9CEB8-8B4A-11D0-8D11-00A0C91BC942}") = "Chapter13.5", "Chapter13.5\Chapter13.5.vcxproj", "{D7BC003B-81BE-4DC4-AFCA-02B2EC789177}"
EndProject
Project("{8BC9CEB8-8B4A-11D0-8D11-00A0C91BC942}") = "Chapter14.1", "Chapter14.1\Chapter14.1.vcxproj", "{3B77A727-873F-4A17-A940-620686CC1668}"
EndProject
Project("{8BC9CEB8-8B4A-11D0-8D11-00A0C91BC942}") = "Chapter14.3", "Chapter14.3\Chapter14.3.vcxproj", "{D5ED941E-BE16-41D7-ADCF-CBBFAF2B182E}"
EndProject
Project("{8BC9CEB8-8B4A-11D0-8D11-00A0C91BC942}") = "Chapter15.3", "Chapter15.3\Chapter15.3.vcxproj", "{D9E0CC2B-BB09-45E1-A053-BF4829C7EF89}"
EndProject
Project("{8BC9CEB8-8B4A-11D0-8D11-00A0C91BC942}") = "MultiThread", "MultiThread\MultiThread.vcxproj", "{1FBB11E5-EF38-458F-9575-DF972F0D75AD}"
EndProject
Project("{8BC9CEB8-8B4A-11D0-8D11-00A0C91BC942}") = "Forward", "Forward\Forward.vcxproj", "{6118B53A-B3A2-4135-AF67-64E89B59FEE6}"
EndProject
Project("{8BC9CEB8-8B4A-11D0-8D11-00A0C91BC942}") = "CustomVector", "CustomVector\CustomVector.vcxproj", "{6EE25EB2-644C-4E78-AEC0-3AE913EE5DC6}"
EndProject
Project("{8BC9CEB8-8B4A-11D0-8D11-00A0C91BC942}") = "Profileing", "Profileing\Profileing.vcxproj", "{43DB1E47-015A-45AD-8530-A293EA5A5253}"
EndProject
Global
	GlobalSection(SolutionConfigurationPlatforms) = preSolution
		Debug|x64 = Debug|x64
		Debug|x86 = Debug|x86
		Release|x64 = Release|x64
		Release|x86 = Release|x86
	EndGlobalSection
	GlobalSection(ProjectConfigurationPlatforms) = postSolution
		{9EE0B654-5F06-44F1-994C-37E22FB7D2D5}.Debug|x64.ActiveCfg = Debug|x64
		{9EE0B654-5F06-44F1-994C-37E22FB7D2D5}.Debug|x64.Build.0 = Debug|x64
		{9EE0B654-5F06-44F1-994C-37E22FB7D2D5}.Debug|x86.ActiveCfg = Debug|Win32
		{9EE0B654-5F06-44F1-994C-37E22FB7D2D5}.Debug|x86.Build.0 = Debug|Win32
		{9EE0B654-5F06-44F1-994C-37E22FB7D2D5}.Release|x64.ActiveCfg = Release|x64
		{9EE0B654-5F06-44F1-994C-37E22FB7D2D5}.Release|x64.Build.0 = Release|x64
		{9EE0B654-5F06-44F1-994C-37E22FB7D2D5}.Release|x86.ActiveCfg = Release|Win32
		{9EE0B654-5F06-44F1-994C-37E22FB7D2D5}.Release|x86.Build.0 = Release|Win32
		{73C07A06-6708-46E8-8130-2D3D5B6BF7FC}.Debug|x64.ActiveCfg = Debug|x64
		{73C07A06-6708-46E8-8130-2D3D5B6BF7FC}.Debug|x64.Build.0 = Debug|x64
		{73C07A06-6708-46E8-8130-2D3D5B6BF7FC}.Debug|x86.ActiveCfg = Debug|Win32
		{73C07A06-6708-46E8-8130-2D3D5B6BF7FC}.Debug|x86.Build.0 = Debug|Win32
		{73C07A06-6708-46E8-8130-2D3D5B6BF7FC}.Release|x64.ActiveCfg = Release|x64
		{73C07A06-6708-46E8-8130-2D3D5B6BF7FC}.Release|x64.Build.0 = Release|x64
		{73C07A06-6708-46E8-8130-2D3D5B6BF7FC}.Release|x86.ActiveCfg = Release|Win32
		{73C07A06-6708-46E8-8130-2D3D5B6BF7FC}.Release|x86.Build.0 = Release|Win32
		{74ED9190-A8F1-4450-BB10-C372B3D2A4DB}.Debug|x64.ActiveCfg = Debug|x64
		{74ED9190-A8F1-4450-BB10-C372B3D2A4DB}.Debug|x64.Build.0 = Debug|x64
		{74ED9190-A8F1-4450-BB10-C372B3D2A4DB}.Debug|x86.ActiveCfg = Debug|Win32
		{74ED9190-A8F1-4450-BB10-C372B3D2A4DB}.Debug|x86.Build.0 = Debug|Win32
		{74ED9190-A8F1-4450-BB10-C372B3D2A4DB}.Release|x64.ActiveCfg = Release|x64
		{74ED9190-A8F1-4450-BB10-C372B3D2A4DB}.Release|x64.Build.0 = Release|x64
		{74ED9190-A8F1-4450-BB10-C372B3D2A4DB}.Release|x86.ActiveCfg = Release|Win32
		{74ED9190-A8F1-4450-BB10-C372B3D2A4DB}.Release|x86.Build.0 = Release|Win32
		{466CD65B-AC24-403B-B20C-8B0D27C95036}.Debug|x64.ActiveCfg = Debug|x64
		{466CD65B-AC24-403B-B20C-8B0D27C95036}.Debug|x64.Build.0 = Debug|x64
		{466CD65B-AC24-403B-B20C-8B0D27C95036}.Debug|x86.ActiveCfg = Debug|Win32
		{466CD65B-AC24-403B-B20C-8B0D27C95036}.Debug|x86.Build.0 = Debug|Win32
		{466CD65B-AC24-403B-B20C-8B0D27C95036}.Release|x64.ActiveCfg = Release|x64
		{466CD65B-AC24-403B-B20C-8B0D27C95036}.Release|x64.Build.0 = Release|x64
		{466CD65B-AC24-403B-B20C-8B0D27C95036}.Release|x86.ActiveCfg = Release|Win32
		{466CD65B-AC24-403B-B20C-8B0D27C95036}.Release|x86.Build.0 = Release|Win32
		{CDE4C0B3-58FD-48B0-AA86-979704E8C58E}.Debug|x64.ActiveCfg = Debug|x64
		{CDE4C0B3-58FD-48B0-AA86-979704E8C58E}.Debug|x64.Build.0 = Debug|x64
		{CDE4C0B3-58FD-48B0-AA86-979704E8C58E}.Debug|x86.ActiveCfg = Debug|Win32
		{CDE4C0B3-58FD-48B0-AA86-979704E8C58E}.Debug|x86.Build.0 = Debug|Win32
		{CDE4C0B3-58FD-48B0-AA86-979704E8C58E}.Release|x64.ActiveCfg = Release|x64
		{CDE4C0B3-58FD-48B0-AA86-979704E8C58E}.Release|x64.Build.0 = Release|x64
		{CDE4C0B3-58FD-48B0-AA86-979704E8C58E}.Release|x86.ActiveCfg = Release|Win32
		{CDE4C0B3-58FD-48B0-AA86-979704E8C58E}.Release|x86.Build.0 = Release|Win32
		{57374A8E-F857-4414-980A-1E38D0DDDF4F}.Debug|x64.ActiveCfg = Debug|x64
		{57374A8E-F857-4414-980A-1E38D0DDDF4F}.Debug|x64.Build.0 = Debug|x64
		{57374A8E-F857-4414-980A-1E38D0DDDF4F}.Debug|x86.ActiveCfg = Debug|Win32
		{57374A8E-F857-4414-980A-1E38D0DDDF4F}.Debug|x86.Build.0 = Debug|Win32
		{57374A8E-F857-4414-980A-1E38D0DDDF4F}.Release|x64.ActiveCfg = Release|x64
		{57374A8E-F857-4414-980A-1E38D0DDDF4F}.Release|x64.Build.0 = Release|x64
		{57374A8E-F857-4414-980A-1E38D0DDDF4F}.Release|x86.ActiveCfg = Release|Win32
		{57374A8E-F857-4414-980A-1E38D0DDDF4F}.Release|x86.Build.0 = Release|Win32
		{A0CBC797-B65A-4766-B060-8572E0B9E08D}.Debug|x64.ActiveCfg = Debug|x64
		{A0CBC797-B65A-4766-B060-8572E0B9E08D}.Debug|x64.Build.0 = Debug|x64
		{A0CBC797-B65A-4766-B060-8572E0B9E08D}.Debug|x86.ActiveCfg = Debug|Win32
		{A0CBC797-B65A-4766-B060-8572E0B9E08D}.Debug|x86.Build.0 = Debug|Win32
		{A0CBC797-B65A-4766-B060-8572E0B9E08D}.Release|x64.ActiveCfg = Release|x64
		{A0CBC797-B65A-4766-B060-8572E0B9E08D}.Release|x64.Build.0 = Release|x64
		{A0CBC797-B65A-4766-B060-8572E0B9E08D}.Release|x86.ActiveCfg = Release|Win32
		{A0CBC797-B65A-4766-B060-8572E0B9E08D}.Release|x86.Build.0 = Release|Win32
		{2E373AB7-9CE8-4748-801D-A8F5857C97E0}.Debug|x64.ActiveCfg = Debug|x64
		{2E373AB7-9CE8-4748-801D-A8F5857C97E0}.Debug|x64.Build.0 = Debug|x64
		{2E373AB7-9CE8-4748-801D-A8F5857C97E0}.Debug|x86.ActiveCfg = Debug|Win32
		{2E373AB7-9CE8-4748-801D-A8F5857C97E0}.Debug|x86.Build.0 = Debug|Win32
		{2E373AB7-9CE8-4748-801D-A8F5857C97E0}.Release|x64.ActiveCfg = Release|x64
		{2E373AB7-9CE8-4748-801D-A8F5857C97E0}.Release|x64.Build.0 = Release|x64
		{2E373AB7-9CE8-4748-801D-A8F5857C97E0}.Release|x86.ActiveCfg = Release|Win32
		{2E373AB7-9CE8-4748-801D-A8F5857C97E0}.Release|x86.Build.0 = Release|Win32
		{DF99E3CD-E7A1-4B56-B0BE-6DB4BD5FF709}.Debug|x64.ActiveCfg = Debug|x64
		{DF99E3CD-E7A1-4B56-B0BE-6DB4BD5FF709}.Debug|x64.Build.0 = Debug|x64
		{DF99E3CD-E7A1-4B56-B0BE-6DB4BD5FF709}.Debug|x86.ActiveCfg = Debug|Win32
		{DF99E3CD-E7A1-4B56-B0BE-6DB4BD5FF709}.Debug|x86.Build.0 = Debug|Win32
		{DF99E3CD-E7A1-4B56-B0BE-6DB4BD5FF709}.Release|x64.ActiveCfg = Release|x64
		{DF99E3CD-E7A1-4B56-B0BE-6DB4BD5FF709}.Release|x64.Build.0 = Release|x64
		{DF99E3CD-E7A1-4B56-B0BE-6DB4BD5FF709}.Release|x86.ActiveCfg = Release|Win32
		{DF99E3CD-E7A1-4B56-B0BE-6DB4BD5FF709}.Release|x86.Build.0 = Release|Win32
		{EFC7B9A9-FEE7-4D0E-BE11-8DAA22DA5A90}.Debug|x64.ActiveCfg = Debug|x64
		{EFC7B9A9-FEE7-4D0E-BE11-8DAA22DA5A90}.Debug|x64.Build.0 = Debug|x64
		{EFC7B9A9-FEE7-4D0E-BE11-8DAA22DA5A90}.Debug|x86.ActiveCfg = Debug|Win32
		{EFC7B9A9-FEE7-4D0E-BE11-8DAA22DA5A90}.Debug|x86.Build.0 = Debug|Win32
		{EFC7B9A9-FEE7-4D0E-BE11-8DAA22DA5A90}.Release|x64.ActiveCfg = Release|x64
		{EFC7B9A9-FEE7-4D0E-BE11-8DAA22DA5A90}.Release|x64.Build.0 = Release|x64
		{EFC7B9A9-FEE7-4D0E-BE11-8DAA22DA5A90}.Release|x86.ActiveCfg = Release|Win32
		{EFC7B9A9-FEE7-4D0E-BE11-8DAA22DA5A90}.Release|x86.Build.0 = Release|Win32
		{5F6C53DF-3E6D-45D2-8927-E828EC32E624}.Debug|x64.ActiveCfg = Debug|x64
		{5F6C53DF-3E6D-45D2-8927-E828EC32E624}.Debug|x64.Build.0 = Debug|x64
		{5F6C53DF-3E6D-45D2-8927-E828EC32E624}.Debug|x86.ActiveCfg = Debug|Win32
		{5F6C53DF-3E6D-45D2-8927-E828EC32E624}.Debug|x86.Build.0 = Debug|Win32
		{5F6C53DF-3E6D-45D2-8927-E828EC32E624}.Release|x64.ActiveCfg = Release|x64
		{5F6C53DF-3E6D-45D2-8927-E828EC32E624}.Release|x64.Build.0 = Release|x64
		{5F6C53DF-3E6D-45D2-8927-E828EC32E624}.Release|x86.ActiveCfg = Release|Win32
		{5F6C53DF-3E6D-45D2-8927-E828EC32E624}.Release|x86.Build.0 = Release|Win32
		{8DBD6753-ECA6-4637-AF88-CF8BD082AD20}.Debug|x64.ActiveCfg = Debug|x64
		{8DBD6753-ECA6-4637-AF88-CF8BD082AD20}.Debug|x64.Build.0 = Debug|x64
		{8DBD6753-ECA6-4637-AF88-CF8BD082AD20}.Debug|x86.ActiveCfg = Debug|Win32
		{8DBD6753-ECA6-4637-AF88-CF8BD082AD20}.Debug|x86.Build.0 = Debug|Win32
		{8DBD6753-ECA6-4637-AF88-CF8BD082AD20}.Release|x64.ActiveCfg = Release|x64
		{8DBD6753-ECA6-4637-AF88-CF8BD082AD20}.Release|x64.Build.0 = Release|x64
		{8DBD6753-ECA6-4637-AF88-CF8BD082AD20}.Release|x86.ActiveCfg = Release|Win32
		{8DBD6753-ECA6-4637-AF88-CF8BD082AD20}.Release|x86.Build.0 = Release|Win32
		{EE85FBEC-3DF5-4AB7-BD46-31D7FBD0C940}.Debug|x64.ActiveCfg = Debug|x64
		{EE85FBEC-3DF5-4AB7-BD46-31D7FBD0C940}.Debug|x64.Build.0 = Debug|x64
		{EE85FBEC-3DF5-4AB7-BD46-31D7FBD0C940}.Debug|x86.ActiveCfg = Debug|Win32
		{EE85FBEC-3DF5-4AB7-BD46-31D7FBD0C940}.Debug|x86.Build.0 = Debug|Win32
		{EE85FBEC-3DF5-4AB7-BD46-31D7FBD0C940}.Release|x64.ActiveCfg = Release|x64
		{EE85FBEC-3DF5-4AB7-BD46-31D7FBD0C940}.Release|x64.Build.0 = Release|x64
		{EE85FBEC-3DF5-4AB7-BD46-31D7FBD0C940}.Release|x86.ActiveCfg = Release|Win32
		{EE85FBEC-3DF5-4AB7-BD46-31D7FBD0C940}.Release|x86.Build.0 = Release|Win32
		{B5E1E3DA-A655-4C81-8D2F-AF89C9EFEBB1}.Debug|x64.ActiveCfg = Debug|x64
		{B5E1E3DA-A655-4C81-8D2F-AF89C9EFEBB1}.Debug|x64.Build.0 = Debug|x64
		{B5E1E3DA-A655-4C81-8D2F-AF89C9EFEBB1}.Debug|x86.ActiveCfg = Debug|Win32
		{B5E1E3DA-A655-4C81-8D2F-AF89C9EFEBB1}.Debug|x86.Build.0 = Debug|Win32
		{B5E1E3DA-A655-4C81-8D2F-AF89C9EFEBB1}.Release|x64.ActiveCfg = Release|x64
		{B5E1E3DA-A655-4C81-8D2F-AF89C9EFEBB1}.Release|x64.Build.0 = Release|x64
		{B5E1E3DA-A655-4C81-8D2F-AF89C9EFEBB1}.Release|x86.ActiveCfg = Release|Win32
		{B5E1E3DA-A655-4C81-8D2F-AF89C9EFEBB1}.Release|x86.Build.0 = Release|Win32
		{B350512A-A8AC-4C8D-AE32-7B5E5B59BB29}.Debug|x64.ActiveCfg = Debug|x64
		{B350512A-A8AC-4C8D-AE32-7B5E5B59BB29}.Debug|x64.Build.0 = Debug|x64
		{B350512A-A8AC-4C8D-AE32-7B5E5B59BB29}.Debug|x86.ActiveCfg = Debug|Win32
		{B350512A-A8AC-4C8D-AE32-7B5E5B59BB29}.Debug|x86.Build.0 = Debug|Win32
		{B350512A-A8AC-4C8D-AE32-7B5E5B59BB29}.Release|x64.ActiveCfg = Release|x64
		{B350512A-A8AC-4C8D-AE32-7B5E5B59BB29}.Release|x64.Build.0 = Release|x64
		{B350512A-A8AC-4C8D-AE32-7B5E5B59BB29}.Release|x86.ActiveCfg = Release|Win32
		{B350512A-A8AC-4C8D-AE32-7B5E5B59BB29}.Release|x86.Build.0 = Release|Win32
		{D7BC003B-81BE-4DC4-AFCA-02B2EC789177}.Debug|x64.ActiveCfg = Debug|x64
		{D7BC003B-81BE-4DC4-AFCA-02B2EC789177}.Debug|x64.Build.0 = Debug|x64
		{D7BC003B-81BE-4DC4-AFCA-02B2EC789177}.Debug|x86.ActiveCfg = Debug|Win32
		{D7BC003B-81BE-4DC4-AFCA-02B2EC789177}.Debug|x86.Build.0 = Debug|Win32
		{D7BC003B-81BE-4DC4-AFCA-02B2EC789177}.Release|x64.ActiveCfg = Release|x64
		{D7BC003B-81BE-4DC4-AFCA-02B2EC789177}.Release|x64.Build.0 = Release|x64
		{D7BC003B-81BE-4DC4-AFCA-02B2EC789177}.Release|x86.ActiveCfg = Release|Win32
		{D7BC003B-81BE-4DC4-AFCA-02B2EC789177}.Release|x86.Build.0 = Release|Win32
		{3B77A727-873F-4A17-A940-620686CC1668}.Debug|x64.ActiveCfg = Debug|x64
		{3B77A727-873F-4A17-A940-620686CC1668}.Debug|x64.Build.0 = Debug|x64
		{3B77A727-873F-4A17-A940-620686CC1668}.Debug|x86.ActiveCfg = Debug|Win32
		{3B77A727-873F-4A17-A940-620686CC1668}.Debug|x86.Build.0 = Debug|Win32
		{3B77A727-873F-4A17-A940-620686CC1668}.Release|x64.ActiveCfg = Release|x64
		{3B77A727-873F-4A17-A940-620686CC1668}.Release|x64.Build.0 = Release|x64
		{3B77A727-873F-4A17-A940-620686CC1668}.Release|x86.ActiveCfg = Release|Win32
		{3B77A727-873F-4A17-A940-620686CC1668}.Release|x86.Build.0 = Release|Win32
		{D5ED941E-BE16-41D7-ADCF-CBBFAF2B182E}.Debug|x64.ActiveCfg = Debug|x64
		{D5ED941E-BE16-41D7-ADCF-CBBFAF2B182E}.Debug|x64.Build.0 = Debug|x64
		{D5ED941E-BE16-41D7-ADCF-CBBFAF2B182E}.Debug|x86.ActiveCfg = Debug|Win32
		{D5ED941E-BE16-41D7-ADCF-CBBFAF2B182E}.Debug|x86.Build.0 = Debug|Win32
		{D5ED941E-BE16-41D7-ADCF-CBBFAF2B182E}.Release|x64.ActiveCfg = Release|x64
		{D5ED941E-BE16-41D7-ADCF-CBBFAF2B182E}.Release|x64.Build.0 = Release|x64
		{D5ED941E-BE16-41D7-ADCF-CBBFAF2B182E}.Release|x86.ActiveCfg = Release|Win32
		{D5ED941E-BE16-41D7-ADCF-CBBFAF2B182E}.Release|x86.Build.0 = Release|Win32
		{D9E0CC2B-BB09-45E1-A053-BF4829C7EF89}.Debug|x64.ActiveCfg = Debug|x64
		{D9E0CC2B-BB09-45E1-A053-BF4829C7EF89}.Debug|x64.Build.0 = Debug|x64
		{D9E0CC2B-BB09-45E1-A053-BF4829C7EF89}.Debug|x86.ActiveCfg = Debug|Win32
		{D9E0CC2B-BB09-45E1-A053-BF4829C7EF89}.Debug|x86.Build.0 = Debug|Win32
		{D9E0CC2B-BB09-45E1-A053-BF4829C7EF89}.Release|x64.ActiveCfg = Release|x64
		{D9E0CC2B-BB09-45E1-A053-BF4829C7EF89}.Release|x64.Build.0 = Release|x64
		{D9E0CC2B-BB09-45E1-A053-BF4829C7EF89}.Release|x86.ActiveCfg = Release|Win32
		{D9E0CC2B-BB09-45E1-A053-BF4829C7EF89}.Release|x86.Build.0 = Release|Win32
		{1FBB11E5-EF38-458F-9575-DF972F0D75AD}.Debug|x64.ActiveCfg = Debug|x64
		{1FBB11E5-EF38-458F-9575-DF972F0D75AD}.Debug|x64.Build.0 = Debug|x64
		{1FBB11E5-EF38-458F-9575-DF972F0D75AD}.Debug|x86.ActiveCfg = Debug|Win32
		{1FBB11E5-EF38-458F-9575-DF972F0D75AD}.Debug|x86.Build.0 = Debug|Win32
		{1FBB11E5-EF38-458F-9575-DF972F0D75AD}.Release|x64.ActiveCfg = Release|x64
		{1FBB11E5-EF38-458F-9575-DF972F0D75AD}.Release|x64.Build.0 = Release|x64
		{1FBB11E5-EF38-458F-9575-DF972F0D75AD}.Release|x86.ActiveCfg = Release|Win32
		{1FBB11E5-EF38-458F-9575-DF972F0D75AD}.Release|x86.Build.0 = Release|Win32
		{6118B53A-B3A2-4135-AF67-64E89B59FEE6}.Debug|x64.ActiveCfg = Debug|x64
		{6118B53A-B3A2-4135-AF67-64E89B59FEE6}.Debug|x64.Build.0 = Debug|x64
		{6118B53A-B3A2-4135-AF67-64E89B59FEE6}.Debug|x86.ActiveCfg = Debug|Win32
		{6118B53A-B3A2-4135-AF67-64E89B59FEE6}.Debug|x86.Build.0 = Debug|Win32
		{6118B53A-B3A2-4135-AF67-64E89B59FEE6}.Release|x64.ActiveCfg = Release|x64
		{6118B53A-B3A2-4135-AF67-64E89B59FEE6}.Release|x64.Build.0 = Release|x64
		{6118B53A-B3A2-4135-AF67-64E89B59FEE6}.Release|x86.ActiveCfg = Release|Win32
		{6118B53A-B3A2-4135-AF67-64E89B59FEE6}.Release|x86.Build.0 = Release|Win32
		{6EE25EB2-644C-4E78-AEC0-3AE913EE5DC6}.Debug|x64.ActiveCfg = Debug|x64
		{6EE25EB2-644C-4E78-AEC0-3AE913EE5DC6}.Debug|x64.Build.0 = Debug|x64
		{6EE25EB2-644C-4E78-AEC0-3AE913EE5DC6}.Debug|x86.ActiveCfg = Debug|Win32
		{6EE25EB2-644C-4E78-AEC0-3AE913EE5DC6}.Debug|x86.Build.0 = Debug|Win32
		{6EE25EB2-644C-4E78-AEC0-3AE913EE5DC6}.Release|x64.ActiveCfg = Release|x64
		{6EE25EB2-644C-4E78-AEC0-3AE913EE5DC6}.Release|x64.Build.0 = Release|x64
		{6EE25EB2-644C-4E78-AEC0-3AE913EE5DC6}.Release|x86.ActiveCfg = Release|Win32
		{6EE25EB2-644C-4E78-AEC0-3AE913EE5DC6}.Release|x86.Build.0 = Release|Win32
		{43DB1E47-015A-45AD-8530-A293EA5A5253}.Debug|x64.ActiveCfg = Debug|x64
		{43DB1E47-015A-45AD-8530-A293EA5A5253}.Debug|x64.Build.0 = Debug|x64
		{43DB1E47-015A-45AD-8530-A293EA5A5253}.Debug|x86.ActiveCfg = Debug|Win32
		{43DB1E47-015A-45AD-8530-A293EA5A5253}.Debug|x86.Build.0 = Debug|Win32
		{43DB1E47-015A-45AD-8530-A293EA5A5253}.Release|x64.ActiveCfg = Release|x64
		{43DB1E47-015A-45AD-8530-A293EA5A5253}.Release|x64.Build.0 = Release|x64
		{43DB1E47-015A-45AD-8530-A293EA5A5253}.Release|x86.ActiveCfg = Release|Win32
		{43DB1E47-015A-45AD-8530-A293EA5A5253}.Release|x86.Build.0 = Release|Win32
	EndGlobalSection
	GlobalSection(SolutionProperties) = preSolution
		HideSolutionNode = FALSE
	EndGlobalSection
	GlobalSection(ExtensibilityGlobals) = postSolution
		SolutionGuid = {17C3409B-3BB9-4BA7-9B44-73FFCA2F80A9}
	EndGlobalSection
EndGlobal
